PODS:
  - AFNetworking (4.0.1):
    - AFNetworking/NSURLSession (= 4.0.1)
    - AFNetworking/Reachability (= 4.0.1)
    - AFNetworking/Security (= 4.0.1)
    - AFNetworking/Serialization (= 4.0.1)
    - AFNetworking/UIKit (= 4.0.1)
  - AFNetworking/NSURLSession (4.0.1):
    - AFNetworking/Reachability
    - AFNetworking/Security
    - AFNetworking/Serialization
  - AFNetworking/Reachability (4.0.1)
  - AFNetworking/Security (4.0.1)
  - AFNetworking/Serialization (4.0.1)
  - AFNetworking/UIKit (4.0.1):
    - AFNetworking/NSURLSession
  - Network (0.0.1):
    - AFNetworking (~> 4.0)

DEPENDENCIES:
  - Network (from `../`)

SPEC REPOS:
  trunk:
    - AFNetworking

EXTERNAL SOURCES:
  Network:
    :path: "../"

SPEC CHECKSUMS:
  AFNetworking: 7864c38297c79aaca1500c33288e429c3451fdce
  Network: c77471130862bac1b159b53331f33e7d8b590c45

PODFILE CHECKSUM: 452b0a6598fc9f81b9206319e12631edc4cec814

COCOAPODS: 1.9.2
